
Microsoft Visual Studio Solution File, Format Version 12.00
# Visual Studio 2013
VisualStudioVersion = 12.0.31101.0
MinimumVisualStudioVersion = 10.0.40219.1
Project("{FAE04EC0-301F-11D3-BF4B-00C04F79EFBC}") = "Hack.DataLayer", "Hack.DataLayer\Hack.DataLayer.csproj", "{D3C268C4-A472-4592-A95D-A233A8BABB61}"
EndProject
Project("{FAE04EC0-301F-11D3-BF4B-00C04F79EFBC}") = "Hack.Api", "Hack.Api\Hack.Api.csproj", "{DFFC1B21-7450-469C-BAB6-2899560B5763}"
EndProject
Project("{FAE04EC0-301F-11D3-BF4B-00C04F79EFBC}") = "App.DataLayer", "App.DataLayer\App.DataLayer.csproj", "{05707BF2-DD6A-41B3-96F6-EF890192EF47}"
EndProject
Project("{262852C6-CD72-467D-83FE-5EEB1973A190}") = "Hack.App", "Hack.App\Hack.App.jsproj", "{687ABF9A-89EE-4DC2-A918-29E6DC3F77E7}"
EndProject
Project("{FAE04EC0-301F-11D3-BF4B-00C04F79EFBC}") = "Hack.DataParser", "Hack.DataParser\Hack.DataParser.csproj", "{A1A360CB-F4BD-490A-B5AA-3B18873B7491}"
EndProject
Global
	GlobalSection(SolutionConfigurationPlatforms) = preSolution
		Debug|Android = Debug|Android
		Debug|Any CPU = Debug|Any CPU
		Debug|iOS = Debug|iOS
		Debug|Mixed Platforms = Debug|Mixed Platforms
		Debug|Windows Phone (Universal) = Debug|Windows Phone (Universal)
		Debug|Windows Phone 8 = Debug|Windows Phone 8
		Debug|Windows-AnyCPU = Debug|Windows-AnyCPU
		Debug|Windows-ARM = Debug|Windows-ARM
		Debug|Windows-x64 = Debug|Windows-x64
		Debug|Windows-x86 = Debug|Windows-x86
		Distribution|Android = Distribution|Android
		Distribution|Any CPU = Distribution|Any CPU
		Distribution|iOS = Distribution|iOS
		Distribution|Mixed Platforms = Distribution|Mixed Platforms
		Distribution|Windows Phone (Universal) = Distribution|Windows Phone (Universal)
		Distribution|Windows Phone 8 = Distribution|Windows Phone 8
		Distribution|Windows-AnyCPU = Distribution|Windows-AnyCPU
		Distribution|Windows-ARM = Distribution|Windows-ARM
		Distribution|Windows-x64 = Distribution|Windows-x64
		Distribution|Windows-x86 = Distribution|Windows-x86
		Release|Android = Release|Android
		Release|Any CPU = Release|Any CPU
		Release|iOS = Release|iOS
		Release|Mixed Platforms = Release|Mixed Platforms
		Release|Windows Phone (Universal) = Release|Windows Phone (Universal)
		Release|Windows Phone 8 = Release|Windows Phone 8
		Release|Windows-AnyCPU = Release|Windows-AnyCPU
		Release|Windows-ARM = Release|Windows-ARM
		Release|Windows-x64 = Release|Windows-x64
		Release|Windows-x86 = Release|Windows-x86
	EndGlobalSection
	GlobalSection(ProjectConfigurationPlatforms) = postSolution
		{D3C268C4-A472-4592-A95D-A233A8BABB61}.Debug|Android.ActiveCfg = Debug|Any CPU
		{D3C268C4-A472-4592-A95D-A233A8BABB61}.Debug|Any CPU.ActiveCfg = Debug|Any CPU
		{D3C268C4-A472-4592-A95D-A233A8BABB61}.Debug|Any CPU.Build.0 = Debug|Any CPU
		{D3C268C4-A472-4592-A95D-A233A8BABB61}.Debug|iOS.ActiveCfg = Debug|Any CPU
		{D3C268C4-A472-4592-A95D-A233A8BABB61}.Debug|Mixed Platforms.ActiveCfg = Debug|Any CPU
		{D3C268C4-A472-4592-A95D-A233A8BABB61}.Debug|Mixed Platforms.Build.0 = Debug|Any CPU
		{D3C268C4-A472-4592-A95D-A233A8BABB61}.Debug|Windows Phone (Universal).ActiveCfg = Debug|Any CPU
		{D3C268C4-A472-4592-A95D-A233A8BABB61}.Debug|Windows Phone 8.ActiveCfg = Debug|Any CPU
		{D3C268C4-A472-4592-A95D-A233A8BABB61}.Debug|Windows-AnyCPU.ActiveCfg = Debug|Any CPU
		{D3C268C4-A472-4592-A95D-A233A8BABB61}.Debug|Windows-ARM.ActiveCfg = Debug|Any CPU
		{D3C268C4-A472-4592-A95D-A233A8BABB61}.Debug|Windows-x64.ActiveCfg = Debug|Any CPU
		{D3C268C4-A472-4592-A95D-A233A8BABB61}.Debug|Windows-x86.ActiveCfg = Debug|Any CPU
		{D3C268C4-A472-4592-A95D-A233A8BABB61}.Distribution|Android.ActiveCfg = Debug|Any CPU
		{D3C268C4-A472-4592-A95D-A233A8BABB61}.Distribution|Any CPU.ActiveCfg = Debug|Any CPU
		{D3C268C4-A472-4592-A95D-A233A8BABB61}.Distribution|Any CPU.Build.0 = Debug|Any CPU
		{D3C268C4-A472-4592-A95D-A233A8BABB61}.Distribution|iOS.ActiveCfg = Debug|Any CPU
		{D3C268C4-A472-4592-A95D-A233A8BABB61}.Distribution|Mixed Platforms.ActiveCfg = Debug|Any CPU
		{D3C268C4-A472-4592-A95D-A233A8BABB61}.Distribution|Mixed Platforms.Build.0 = Debug|Any CPU
		{D3C268C4-A472-4592-A95D-A233A8BABB61}.Distribution|Windows Phone (Universal).ActiveCfg = Debug|Any CPU
		{D3C268C4-A472-4592-A95D-A233A8BABB61}.Distribution|Windows Phone 8.ActiveCfg = Debug|Any CPU
		{D3C268C4-A472-4592-A95D-A233A8BABB61}.Distribution|Windows-AnyCPU.ActiveCfg = Debug|Any CPU
		{D3C268C4-A472-4592-A95D-A233A8BABB61}.Distribution|Windows-ARM.ActiveCfg = Debug|Any CPU
		{D3C268C4-A472-4592-A95D-A233A8BABB61}.Distribution|Windows-x64.ActiveCfg = Debug|Any CPU
		{D3C268C4-A472-4592-A95D-A233A8BABB61}.Distribution|Windows-x86.ActiveCfg = Debug|Any CPU
		{D3C268C4-A472-4592-A95D-A233A8BABB61}.Release|Android.ActiveCfg = Release|Any CPU
		{D3C268C4-A472-4592-A95D-A233A8BABB61}.Release|Any CPU.ActiveCfg = Release|Any CPU
		{D3C268C4-A472-4592-A95D-A233A8BABB61}.Release|Any CPU.Build.0 = Release|Any CPU
		{D3C268C4-A472-4592-A95D-A233A8BABB61}.Release|iOS.ActiveCfg = Release|Any CPU
		{D3C268C4-A472-4592-A95D-A233A8BABB61}.Release|Mixed Platforms.ActiveCfg = Release|Any CPU
		{D3C268C4-A472-4592-A95D-A233A8BABB61}.Release|Mixed Platforms.Build.0 = Release|Any CPU
		{D3C268C4-A472-4592-A95D-A233A8BABB61}.Release|Windows Phone (Universal).ActiveCfg = Release|Any CPU
		{D3C268C4-A472-4592-A95D-A233A8BABB61}.Release|Windows Phone 8.ActiveCfg = Release|Any CPU
		{D3C268C4-A472-4592-A95D-A233A8BABB61}.Release|Windows-AnyCPU.ActiveCfg = Release|Any CPU
		{D3C268C4-A472-4592-A95D-A233A8BABB61}.Release|Windows-ARM.ActiveCfg = Release|Any CPU
		{D3C268C4-A472-4592-A95D-A233A8BABB61}.Release|Windows-x64.ActiveCfg = Release|Any CPU
		{D3C268C4-A472-4592-A95D-A233A8BABB61}.Release|Windows-x86.ActiveCfg = Release|Any CPU
		{DFFC1B21-7450-469C-BAB6-2899560B5763}.Debug|Android.ActiveCfg = Debug|Any CPU
		{DFFC1B21-7450-469C-BAB6-2899560B5763}.Debug|Any CPU.ActiveCfg = Debug|Any CPU
		{DFFC1B21-7450-469C-BAB6-2899560B5763}.Debug|Any CPU.Build.0 = Debug|Any CPU
		{DFFC1B21-7450-469C-BAB6-2899560B5763}.Debug|iOS.ActiveCfg = Debug|Any CPU
		{DFFC1B21-7450-469C-BAB6-2899560B5763}.Debug|Mixed Platforms.ActiveCfg = Debug|Any CPU
		{DFFC1B21-7450-469C-BAB6-2899560B5763}.Debug|Mixed Platforms.Build.0 = Debug|Any CPU
		{DFFC1B21-7450-469C-BAB6-2899560B5763}.Debug|Windows Phone (Universal).ActiveCfg = Debug|Any CPU
		{DFFC1B21-7450-469C-BAB6-2899560B5763}.Debug|Windows Phone 8.ActiveCfg = Debug|Any CPU
		{DFFC1B21-7450-469C-BAB6-2899560B5763}.Debug|Windows-AnyCPU.ActiveCfg = Debug|Any CPU
		{DFFC1B21-7450-469C-BAB6-2899560B5763}.Debug|Windows-ARM.ActiveCfg = Debug|Any CPU
		{DFFC1B21-7450-469C-BAB6-2899560B5763}.Debug|Windows-x64.ActiveCfg = Debug|Any CPU
		{DFFC1B21-7450-469C-BAB6-2899560B5763}.Debug|Windows-x86.ActiveCfg = Debug|Any CPU
		{DFFC1B21-7450-469C-BAB6-2899560B5763}.Distribution|Android.ActiveCfg = Debug|Any CPU
		{DFFC1B21-7450-469C-BAB6-2899560B5763}.Distribution|Any CPU.ActiveCfg = Debug|Any CPU
		{DFFC1B21-7450-469C-BAB6-2899560B5763}.Distribution|Any CPU.Build.0 = Debug|Any CPU
		{DFFC1B21-7450-469C-BAB6-2899560B5763}.Distribution|iOS.ActiveCfg = Debug|Any CPU
		{DFFC1B21-7450-469C-BAB6-2899560B5763}.Distribution|Mixed Platforms.ActiveCfg = Debug|Any CPU
		{DFFC1B21-7450-469C-BAB6-2899560B5763}.Distribution|Mixed Platforms.Build.0 = Debug|Any CPU
		{DFFC1B21-7450-469C-BAB6-2899560B5763}.Distribution|Windows Phone (Universal).ActiveCfg = Debug|Any CPU
		{DFFC1B21-7450-469C-BAB6-2899560B5763}.Distribution|Windows Phone 8.ActiveCfg = Debug|Any CPU
		{DFFC1B21-7450-469C-BAB6-2899560B5763}.Distribution|Windows-AnyCPU.ActiveCfg = Debug|Any CPU
		{DFFC1B21-7450-469C-BAB6-2899560B5763}.Distribution|Windows-ARM.ActiveCfg = Debug|Any CPU
		{DFFC1B21-7450-469C-BAB6-2899560B5763}.Distribution|Windows-x64.ActiveCfg = Debug|Any CPU
		{DFFC1B21-7450-469C-BAB6-2899560B5763}.Distribution|Windows-x86.ActiveCfg = Debug|Any CPU
		{DFFC1B21-7450-469C-BAB6-2899560B5763}.Release|Android.ActiveCfg = Release|Any CPU
		{DFFC1B21-7450-469C-BAB6-2899560B5763}.Release|Any CPU.ActiveCfg = Release|Any CPU
		{DFFC1B21-7450-469C-BAB6-2899560B5763}.Release|Any CPU.Build.0 = Release|Any CPU
		{DFFC1B21-7450-469C-BAB6-2899560B5763}.Release|iOS.ActiveCfg = Release|Any CPU
		{DFFC1B21-7450-469C-BAB6-2899560B5763}.Release|Mixed Platforms.ActiveCfg = Release|Any CPU
		{DFFC1B21-7450-469C-BAB6-2899560B5763}.Release|Mixed Platforms.Build.0 = Release|Any CPU
		{DFFC1B21-7450-469C-BAB6-2899560B5763}.Release|Windows Phone (Universal).ActiveCfg = Release|Any CPU
		{DFFC1B21-7450-469C-BAB6-2899560B5763}.Release|Windows Phone 8.ActiveCfg = Release|Any CPU
		{DFFC1B21-7450-469C-BAB6-2899560B5763}.Release|Windows-AnyCPU.ActiveCfg = Release|Any CPU
		{DFFC1B21-7450-469C-BAB6-2899560B5763}.Release|Windows-ARM.ActiveCfg = Release|Any CPU
		{DFFC1B21-7450-469C-BAB6-2899560B5763}.Release|Windows-x64.ActiveCfg = Release|Any CPU
		{DFFC1B21-7450-469C-BAB6-2899560B5763}.Release|Windows-x86.ActiveCfg = Release|Any CPU
		{05707BF2-DD6A-41B3-96F6-EF890192EF47}.Debug|Android.ActiveCfg = Debug|Any CPU
		{05707BF2-DD6A-41B3-96F6-EF890192EF47}.Debug|Any CPU.ActiveCfg = Debug|Any CPU
		{05707BF2-DD6A-41B3-96F6-EF890192EF47}.Debug|Any CPU.Build.0 = Debug|Any CPU
		{05707BF2-DD6A-41B3-96F6-EF890192EF47}.Debug|iOS.ActiveCfg = Debug|Any CPU
		{05707BF2-DD6A-41B3-96F6-EF890192EF47}.Debug|Mixed Platforms.ActiveCfg = Debug|Any CPU
		{05707BF2-DD6A-41B3-96F6-EF890192EF47}.Debug|Mixed Platforms.Build.0 = Debug|Any CPU
		{05707BF2-DD6A-41B3-96F6-EF890192EF47}.Debug|Windows Phone (Universal).ActiveCfg = Debug|Any CPU
		{05707BF2-DD6A-41B3-96F6-EF890192EF47}.Debug|Windows Phone 8.ActiveCfg = Debug|Any CPU
		{05707BF2-DD6A-41B3-96F6-EF890192EF47}.Debug|Windows-AnyCPU.ActiveCfg = Debug|Any CPU
		{05707BF2-DD6A-41B3-96F6-EF890192EF47}.Debug|Windows-ARM.ActiveCfg = Debug|Any CPU
		{05707BF2-DD6A-41B3-96F6-EF890192EF47}.Debug|Windows-x64.ActiveCfg = Debug|Any CPU
		{05707BF2-DD6A-41B3-96F6-EF890192EF47}.Debug|Windows-x86.ActiveCfg = Debug|Any CPU
		{05707BF2-DD6A-41B3-96F6-EF890192EF47}.Distribution|Android.ActiveCfg = Debug|Any CPU
		{05707BF2-DD6A-41B3-96F6-EF890192EF47}.Distribution|Any CPU.ActiveCfg = Debug|Any CPU
		{05707BF2-DD6A-41B3-96F6-EF890192EF47}.Distribution|Any CPU.Build.0 = Debug|Any CPU
		{05707BF2-DD6A-41B3-96F6-EF890192EF47}.Distribution|iOS.ActiveCfg = Debug|Any CPU
		{05707BF2-DD6A-41B3-96F6-EF890192EF47}.Distribution|Mixed Platforms.ActiveCfg = Debug|Any CPU
		{05707BF2-DD6A-41B3-96F6-EF890192EF47}.Distribution|Mixed Platforms.Build.0 = Debug|Any CPU
		{05707BF2-DD6A-41B3-96F6-EF890192EF47}.Distribution|Windows Phone (Universal).ActiveCfg = Debug|Any CPU
		{05707BF2-DD6A-41B3-96F6-EF890192EF47}.Distribution|Windows Phone 8.ActiveCfg = Debug|Any CPU
		{05707BF2-DD6A-41B3-96F6-EF890192EF47}.Distribution|Windows-AnyCPU.ActiveCfg = Debug|Any CPU
		{05707BF2-DD6A-41B3-96F6-EF890192EF47}.Distribution|Windows-ARM.ActiveCfg = Debug|Any CPU
		{05707BF2-DD6A-41B3-96F6-EF890192EF47}.Distribution|Windows-x64.ActiveCfg = Debug|Any CPU
		{05707BF2-DD6A-41B3-96F6-EF890192EF47}.Distribution|Windows-x86.ActiveCfg = Debug|Any CPU
		{05707BF2-DD6A-41B3-96F6-EF890192EF47}.Release|Android.ActiveCfg = Release|Any CPU
		{05707BF2-DD6A-41B3-96F6-EF890192EF47}.Release|Any CPU.ActiveCfg = Release|Any CPU
		{05707BF2-DD6A-41B3-96F6-EF890192EF47}.Release|Any CPU.Build.0 = Release|Any CPU
		{05707BF2-DD6A-41B3-96F6-EF890192EF47}.Release|iOS.ActiveCfg = Release|Any CPU
		{05707BF2-DD6A-41B3-96F6-EF890192EF47}.Release|Mixed Platforms.ActiveCfg = Release|Any CPU
		{05707BF2-DD6A-41B3-96F6-EF890192EF47}.Release|Mixed Platforms.Build.0 = Release|Any CPU
		{05707BF2-DD6A-41B3-96F6-EF890192EF47}.Release|Windows Phone (Universal).ActiveCfg = Release|Any CPU
		{05707BF2-DD6A-41B3-96F6-EF890192EF47}.Release|Windows Phone 8.ActiveCfg = Release|Any CPU
		{05707BF2-DD6A-41B3-96F6-EF890192EF47}.Release|Windows-AnyCPU.ActiveCfg = Release|Any CPU
		{05707BF2-DD6A-41B3-96F6-EF890192EF47}.Release|Windows-ARM.ActiveCfg = Release|Any CPU
		{05707BF2-DD6A-41B3-96F6-EF890192EF47}.Release|Windows-x64.ActiveCfg = Release|Any CPU
		{05707BF2-DD6A-41B3-96F6-EF890192EF47}.Release|Windows-x86.ActiveCfg = Release|Any CPU
		{687ABF9A-89EE-4DC2-A918-29E6DC3F77E7}.Debug|Android.ActiveCfg = Debug|Android
		{687ABF9A-89EE-4DC2-A918-29E6DC3F77E7}.Debug|Android.Build.0 = Debug|Android
		{687ABF9A-89EE-4DC2-A918-29E6DC3F77E7}.Debug|Android.Deploy.0 = Debug|Android
		{687ABF9A-89EE-4DC2-A918-29E6DC3F77E7}.Debug|Any CPU.ActiveCfg = Debug|Android
		{687ABF9A-89EE-4DC2-A918-29E6DC3F77E7}.Debug|iOS.ActiveCfg = Debug|iOS
		{687ABF9A-89EE-4DC2-A918-29E6DC3F77E7}.Debug|iOS.Build.0 = Debug|iOS
		{687ABF9A-89EE-4DC2-A918-29E6DC3F77E7}.Debug|iOS.Deploy.0 = Debug|iOS
		{687ABF9A-89EE-4DC2-A918-29E6DC3F77E7}.Debug|Mixed Platforms.ActiveCfg = Debug|Android
		{687ABF9A-89EE-4DC2-A918-29E6DC3F77E7}.Debug|Mixed Platforms.Build.0 = Debug|Android
		{687ABF9A-89EE-4DC2-A918-29E6DC3F77E7}.Debug|Mixed Platforms.Deploy.0 = Debug|Android
		{687ABF9A-89EE-4DC2-A918-29E6DC3F77E7}.Debug|Windows Phone (Universal).ActiveCfg = Debug|Windows Phone (Universal)
		{687ABF9A-89EE-4DC2-A918-29E6DC3F77E7}.Debug|Windows Phone (Universal).Build.0 = Debug|Windows Phone (Universal)
		{687ABF9A-89EE-4DC2-A918-29E6DC3F77E7}.Debug|Windows Phone (Universal).Deploy.0 = Debug|Windows Phone (Universal)
		{687ABF9A-89EE-4DC2-A918-29E6DC3F77E7}.Debug|Windows Phone 8.ActiveCfg = Debug|Windows Phone 8
		{687ABF9A-89EE-4DC2-A918-29E6DC3F77E7}.Debug|Windows Phone 8.Build.0 = Debug|Windows Phone 8
		{687ABF9A-89EE-4DC2-A918-29E6DC3F77E7}.Debug|Windows Phone 8.Deploy.0 = Debug|Windows Phone 8
		{687ABF9A-89EE-4DC2-A918-29E6DC3F77E7}.Debug|Windows-AnyCPU.ActiveCfg = Debug|Windows-AnyCPU
		{687ABF9A-89EE-4DC2-A918-29E6DC3F77E7}.Debug|Windows-AnyCPU.Build.0 = Debug|Windows-AnyCPU
		{687ABF9A-89EE-4DC2-A918-29E6DC3F77E7}.Debug|Windows-AnyCPU.Deploy.0 = Debug|Windows-AnyCPU
		{687ABF9A-89EE-4DC2-A918-29E6DC3F77E7}.Debug|Windows-ARM.ActiveCfg = Debug|Windows-ARM
		{687ABF9A-89EE-4DC2-A918-29E6DC3F77E7}.Debug|Windows-ARM.Build.0 = Debug|Windows-ARM
		{687ABF9A-89EE-4DC2-A918-29E6DC3F77E7}.Debug|Windows-ARM.Deploy.0 = Debug|Windows-ARM
		{687ABF9A-89EE-4DC2-A918-29E6DC3F77E7}.Debug|Windows-x64.ActiveCfg = Debug|Windows-x64
		{687ABF9A-89EE-4DC2-A918-29E6DC3F77E7}.Debug|Windows-x64.Build.0 = Debug|Windows-x64
		{687ABF9A-89EE-4DC2-A918-29E6DC3F77E7}.Debug|Windows-x64.Deploy.0 = Debug|Windows-x64
		{687ABF9A-89EE-4DC2-A918-29E6DC3F77E7}.Debug|Windows-x86.ActiveCfg = Debug|Windows-x86
		{687ABF9A-89EE-4DC2-A918-29E6DC3F77E7}.Debug|Windows-x86.Build.0 = Debug|Windows-x86
		{687ABF9A-89EE-4DC2-A918-29E6DC3F77E7}.Debug|Windows-x86.Deploy.0 = Debug|Windows-x86
		{687ABF9A-89EE-4DC2-A918-29E6DC3F77E7}.Distribution|Android.ActiveCfg = Distribution|Android
		{687ABF9A-89EE-4DC2-A918-29E6DC3F77E7}.Distribution|Android.Build.0 = Distribution|Android
		{687ABF9A-89EE-4DC2-A918-29E6DC3F77E7}.Distribution|Android.Deploy.0 = Distribution|Android
		{687ABF9A-89EE-4DC2-A918-29E6DC3F77E7}.Distribution|Any CPU.ActiveCfg = Distribution|Android
		{687ABF9A-89EE-4DC2-A918-29E6DC3F77E7}.Distribution|iOS.ActiveCfg = Distribution|iOS
		{687ABF9A-89EE-4DC2-A918-29E6DC3F77E7}.Distribution|iOS.Build.0 = Distribution|iOS
		{687ABF9A-89EE-4DC2-A918-29E6DC3F77E7}.Distribution|iOS.Deploy.0 = Distribution|iOS
		{687ABF9A-89EE-4DC2-A918-29E6DC3F77E7}.Distribution|Mixed Platforms.ActiveCfg = Distribution|Windows Phone (Universal)
		{687ABF9A-89EE-4DC2-A918-29E6DC3F77E7}.Distribution|Mixed Platforms.Build.0 = Distribution|Windows Phone (Universal)
		{687ABF9A-89EE-4DC2-A918-29E6DC3F77E7}.Distribution|Mixed Platforms.Deploy.0 = Distribution|Windows Phone (Universal)
		{687ABF9A-89EE-4DC2-A918-29E6DC3F77E7}.Distribution|Windows Phone (Universal).ActiveCfg = Distribution|Windows Phone (Universal)
		{687ABF9A-89EE-4DC2-A918-29E6DC3F77E7}.Distribution|Windows Phone (Universal).Build.0 = Distribution|Windows Phone (Universal)
		{687ABF9A-89EE-4DC2-A918-29E6DC3F77E7}.Distribution|Windows Phone (Universal).Deploy.0 = Distribution|Windows Phone (Universal)
		{687ABF9A-89EE-4DC2-A918-29E6DC3F77E7}.Distribution|Windows Phone 8.ActiveCfg = Distribution|Windows Phone 8
		{687ABF9A-89EE-4DC2-A918-29E6DC3F77E7}.Distribution|Windows Phone 8.Build.0 = Distribution|Windows Phone 8
		{687ABF9A-89EE-4DC2-A918-29E6DC3F77E7}.Distribution|Windows Phone 8.Deploy.0 = Distribution|Windows Phone 8
		{687ABF9A-89EE-4DC2-A918-29E6DC3F77E7}.Distribution|Windows-AnyCPU.ActiveCfg = Distribution|Windows-AnyCPU
		{687ABF9A-89EE-4DC2-A918-29E6DC3F77E7}.Distribution|Windows-AnyCPU.Build.0 = Distribution|Windows-AnyCPU
		{687ABF9A-89EE-4DC2-A918-29E6DC3F77E7}.Distribution|Windows-AnyCPU.Deploy.0 = Distribution|Windows-AnyCPU
		{687ABF9A-89EE-4DC2-A918-29E6DC3F77E7}.Distribution|Windows-ARM.ActiveCfg = Distribution|Windows-ARM
		{687ABF9A-89EE-4DC2-A918-29E6DC3F77E7}.Distribution|Windows-ARM.Build.0 = Distribution|Windows-ARM
		{687ABF9A-89EE-4DC2-A918-29E6DC3F77E7}.Distribution|Windows-ARM.Deploy.0 = Distribution|Windows-ARM
		{687ABF9A-89EE-4DC2-A918-29E6DC3F77E7}.Distribution|Windows-x64.ActiveCfg = Distribution|Windows-x64
		{687ABF9A-89EE-4DC2-A918-29E6DC3F77E7}.Distribution|Windows-x64.Build.0 = Distribution|Windows-x64
		{687ABF9A-89EE-4DC2-A918-29E6DC3F77E7}.Distribution|Windows-x64.Deploy.0 = Distribution|Windows-x64
		{687ABF9A-89EE-4DC2-A918-29E6DC3F77E7}.Distribution|Windows-x86.ActiveCfg = Distribution|Windows-x86
		{687ABF9A-89EE-4DC2-A918-29E6DC3F77E7}.Distribution|Windows-x86.Build.0 = Distribution|Windows-x86
		{687ABF9A-89EE-4DC2-A918-29E6DC3F77E7}.Distribution|Windows-x86.Deploy.0 = Distribution|Windows-x86
		{687ABF9A-89EE-4DC2-A918-29E6DC3F77E7}.Release|Android.ActiveCfg = Release|Android
		{687ABF9A-89EE-4DC2-A918-29E6DC3F77E7}.Release|Android.Build.0 = Release|Android
		{687ABF9A-89EE-4DC2-A918-29E6DC3F77E7}.Release|Android.Deploy.0 = Release|Android
		{687ABF9A-89EE-4DC2-A918-29E6DC3F77E7}.Release|Any CPU.ActiveCfg = Release|Android
		{687ABF9A-89EE-4DC2-A918-29E6DC3F77E7}.Release|iOS.ActiveCfg = Release|iOS
		{687ABF9A-89EE-4DC2-A918-29E6DC3F77E7}.Release|iOS.Build.0 = Release|iOS
		{687ABF9A-89EE-4DC2-A918-29E6DC3F77E7}.Release|iOS.Deploy.0 = Release|iOS
		{687ABF9A-89EE-4DC2-A918-29E6DC3F77E7}.Release|Mixed Platforms.ActiveCfg = Release|Android
		{687ABF9A-89EE-4DC2-A918-29E6DC3F77E7}.Release|Mixed Platforms.Build.0 = Release|Android
		{687ABF9A-89EE-4DC2-A918-29E6DC3F77E7}.Release|Mixed Platforms.Deploy.0 = Release|Android
		{687ABF9A-89EE-4DC2-A918-29E6DC3F77E7}.Release|Windows Phone (Universal).ActiveCfg = Release|Windows Phone (Universal)
		{687ABF9A-89EE-4DC2-A918-29E6DC3F77E7}.Release|Windows Phone (Universal).Build.0 = Release|Windows Phone (Universal)
		{687ABF9A-89EE-4DC2-A918-29E6DC3F77E7}.Release|Windows Phone (Universal).Deploy.0 = Release|Windows Phone (Universal)
		{687ABF9A-89EE-4DC2-A918-29E6DC3F77E7}.Release|Windows Phone 8.ActiveCfg = Release|Windows Phone 8
		{687ABF9A-89EE-4DC2-A918-29E6DC3F77E7}.Release|Windows Phone 8.Build.0 = Release|Windows Phone 8
		{687ABF9A-89EE-4DC2-A918-29E6DC3F77E7}.Release|Windows Phone 8.Deploy.0 = Release|Windows Phone 8
		{687ABF9A-89EE-4DC2-A918-29E6DC3F77E7}.Release|Windows-AnyCPU.ActiveCfg = Release|Windows-AnyCPU
		{687ABF9A-89EE-4DC2-A918-29E6DC3F77E7}.Release|Windows-AnyCPU.Build.0 = Release|Windows-AnyCPU
		{687ABF9A-89EE-4DC2-A918-29E6DC3F77E7}.Release|Windows-AnyCPU.Deploy.0 = Release|Windows-AnyCPU
		{687ABF9A-89EE-4DC2-A918-29E6DC3F77E7}.Release|Windows-ARM.ActiveCfg = Release|Windows-ARM
		{687ABF9A-89EE-4DC2-A918-29E6DC3F77E7}.Release|Windows-ARM.Build.0 = Release|Windows-ARM
		{687ABF9A-89EE-4DC2-A918-29E6DC3F77E7}.Release|Windows-ARM.Deploy.0 = Release|Windows-ARM
		{687ABF9A-89EE-4DC2-A918-29E6DC3F77E7}.Release|Windows-x64.ActiveCfg = Release|Windows-x64
		{687ABF9A-89EE-4DC2-A918-29E6DC3F77E7}.Release|Windows-x64.Build.0 = Release|Windows-x64
		{687ABF9A-89EE-4DC2-A918-29E6DC3F77E7}.Release|Windows-x64.Deploy.0 = Release|Windows-x64
		{687ABF9A-89EE-4DC2-A918-29E6DC3F77E7}.Release|Windows-x86.ActiveCfg = Release|Windows-x86
		{687ABF9A-89EE-4DC2-A918-29E6DC3F77E7}.Release|Windows-x86.Build.0 = Release|Windows-x86
		{687ABF9A-89EE-4DC2-A918-29E6DC3F77E7}.Release|Windows-x86.Deploy.0 = Release|Windows-x86
		{A1A360CB-F4BD-490A-B5AA-3B18873B7491}.Debug|Android.ActiveCfg = Debug|Any CPU
		{A1A360CB-F4BD-490A-B5AA-3B18873B7491}.Debug|Any CPU.ActiveCfg = Debug|Any CPU
		{A1A360CB-F4BD-490A-B5AA-3B18873B7491}.Debug|Any CPU.Build.0 = Debug|Any CPU
		{A1A360CB-F4BD-490A-B5AA-3B18873B7491}.Debug|iOS.ActiveCfg = Debug|Any CPU
		{A1A360CB-F4BD-490A-B5AA-3B18873B7491}.Debug|Mixed Platforms.ActiveCfg = Debug|Any CPU
		{A1A360CB-F4BD-490A-B5AA-3B18873B7491}.Debug|Mixed Platforms.Build.0 = Debug|Any CPU
		{A1A360CB-F4BD-490A-B5AA-3B18873B7491}.Debug|Windows Phone (Universal).ActiveCfg = Debug|Any CPU
		{A1A360CB-F4BD-490A-B5AA-3B18873B7491}.Debug|Windows Phone 8.ActiveCfg = Debug|Any CPU
		{A1A360CB-F4BD-490A-B5AA-3B18873B7491}.Debug|Windows-AnyCPU.ActiveCfg = Debug|Any CPU
		{A1A360CB-F4BD-490A-B5AA-3B18873B7491}.Debug|Windows-ARM.ActiveCfg = Debug|Any CPU
		{A1A360CB-F4BD-490A-B5AA-3B18873B7491}.Debug|Windows-x64.ActiveCfg = Debug|Any CPU
		{A1A360CB-F4BD-490A-B5AA-3B18873B7491}.Debug|Windows-x86.ActiveCfg = Debug|Any CPU
		{A1A360CB-F4BD-490A-B5AA-3B18873B7491}.Distribution|Android.ActiveCfg = Debug|Any CPU
		{A1A360CB-F4BD-490A-B5AA-3B18873B7491}.Distribution|Any CPU.ActiveCfg = Debug|Any CPU
		{A1A360CB-F4BD-490A-B5AA-3B18873B7491}.Distribution|Any CPU.Build.0 = Debug|Any CPU
		{A1A360CB-F4BD-490A-B5AA-3B18873B7491}.Distribution|iOS.ActiveCfg = Debug|Any CPU
		{A1A360CB-F4BD-490A-B5AA-3B18873B7491}.Distribution|Mixed Platforms.ActiveCfg = Debug|Any CPU
		{A1A360CB-F4BD-490A-B5AA-3B18873B7491}.Distribution|Mixed Platforms.Build.0 = Debug|Any CPU
		{A1A360CB-F4BD-490A-B5AA-3B18873B7491}.Distribution|Windows Phone (Universal).ActiveCfg = Debug|Any CPU
		{A1A360CB-F4BD-490A-B5AA-3B18873B7491}.Distribution|Windows Phone 8.ActiveCfg = Debug|Any CPU
		{A1A360CB-F4BD-490A-B5AA-3B18873B7491}.Distribution|Windows-AnyCPU.ActiveCfg = Debug|Any CPU
		{A1A360CB-F4BD-490A-B5AA-3B18873B7491}.Distribution|Windows-ARM.ActiveCfg = Debug|Any CPU
		{A1A360CB-F4BD-490A-B5AA-3B18873B7491}.Distribution|Windows-x64.ActiveCfg = Debug|Any CPU
		{A1A360CB-F4BD-490A-B5AA-3B18873B7491}.Distribution|Windows-x86.ActiveCfg = Debug|Any CPU
		{A1A360CB-F4BD-490A-B5AA-3B18873B7491}.Release|Android.ActiveCfg = Release|Any CPU
		{A1A360CB-F4BD-490A-B5AA-3B18873B7491}.Release|Any CPU.ActiveCfg = Release|Any CPU
		{A1A360CB-F4BD-490A-B5AA-3B18873B7491}.Release|Any CPU.Build.0 = Release|Any CPU
		{A1A360CB-F4BD-490A-B5AA-3B18873B7491}.Release|iOS.ActiveCfg = Release|Any CPU
		{A1A360CB-F4BD-490A-B5AA-3B18873B7491}.Release|Mixed Platforms.ActiveCfg = Release|Any CPU
		{A1A360CB-F4BD-490A-B5AA-3B18873B7491}.Release|Mixed Platforms.Build.0 = Release|Any CPU
		{A1A360CB-F4BD-490A-B5AA-3B18873B7491}.Release|Windows Phone (Universal).ActiveCfg = Release|Any CPU
		{A1A360CB-F4BD-490A-B5AA-3B18873B7491}.Release|Windows Phone 8.ActiveCfg = Release|Any CPU
		{A1A360CB-F4BD-490A-B5AA-3B18873B7491}.Release|Windows-AnyCPU.ActiveCfg = Release|Any CPU
		{A1A360CB-F4BD-490A-B5AA-3B18873B7491}.Release|Windows-ARM.ActiveCfg = Release|Any CPU
		{A1A360CB-F4BD-490A-B5AA-3B18873B7491}.Release|Windows-x64.ActiveCfg = Release|Any CPU
		{A1A360CB-F4BD-490A-B5AA-3B18873B7491}.Release|Windows-x86.ActiveCfg = Release|Any CPU
	EndGlobalSection
	GlobalSection(SolutionProperties) = preSolution
		HideSolutionNode = FALSE
	EndGlobalSection
EndGlobal
